
Microsoft Visual Studio Solution File, Format Version 12.00
# Visual Studio 15
VisualStudioVersion = 15.0.27428.1
MinimumVisualStudioVersion = 10.0.40219.1
Project("{FAE04EC0-301F-11D3-BF4B-00C04F79EFBC}") = "EkoCcs.Core", "..\EkoCcs.Core\EkoCcs.Core.csproj", "{78730678-13D0-4007-9C07-89512DD58D66}"
EndProject
Project("{FAE04EC0-301F-11D3-BF4B-00C04F79EFBC}") = "Test.App", "..\Test.App\Test.App.csproj", "{E976429F-C4E6-4BC2-9632-47F9E1B430FA}"
EndProject
Project("{FAE04EC0-301F-11D3-BF4B-00C04F79EFBC}") = "EkoCcs.Data", "..\EkoCcs.Data\EkoCcs.Data.csproj", "{0BB7AB57-8AD4-44FB-91FF-927794D44071}"
EndProject
Project("{FAE04EC0-301F-11D3-BF4B-00C04F79EFBC}") = "Ekocss.Http", "..\Ekocss.Http\Ekocss.Http.csproj", "{F5AF1EFC-7F63-4F3F-970D-41F8CF703F00}"
EndProject
Project("{FAE04EC0-301F-11D3-BF4B-00C04F79EFBC}") = "Ekoccs.Web", "..\Ekoccs.Web\Ekoccs.Web.csproj", "{30CD7416-B812-4F84-9CC7-13D541C5844E}"
EndProject
Global
	GlobalSection(SolutionConfigurationPlatforms) = preSolution
		Debug|Any CPU = Debug|Any CPU
		Release|Any CPU = Release|Any CPU
	EndGlobalSection
	GlobalSection(ProjectConfigurationPlatforms) = postSolution
		{78730678-13D0-4007-9C07-89512DD58D66}.Debug|Any CPU.ActiveCfg = Debug|Any CPU
		{78730678-13D0-4007-9C07-89512DD58D66}.Debug|Any CPU.Build.0 = Debug|Any CPU
		{78730678-13D0-4007-9C07-89512DD58D66}.Release|Any CPU.ActiveCfg = Release|Any CPU
		{78730678-13D0-4007-9C07-89512DD58D66}.Release|Any CPU.Build.0 = Release|Any CPU
		{E976429F-C4E6-4BC2-9632-47F9E1B430FA}.Debug|Any CPU.ActiveCfg = Debug|Any CPU
		{E976429F-C4E6-4BC2-9632-47F9E1B430FA}.Debug|Any CPU.Build.0 = Debug|Any CPU
		{E976429F-C4E6-4BC2-9632-47F9E1B430FA}.Release|Any CPU.ActiveCfg = Release|Any CPU
		{E976429F-C4E6-4BC2-9632-47F9E1B430FA}.Release|Any CPU.Build.0 = Release|Any CPU
		{0BB7AB57-8AD4-44FB-91FF-927794D44071}.Debug|Any CPU.ActiveCfg = Debug|Any CPU
		{0BB7AB57-8AD4-44FB-91FF-927794D44071}.Debug|Any CPU.Build.0 = Debug|Any CPU
		{0BB7AB57-8AD4-44FB-91FF-927794D44071}.Release|Any CPU.ActiveCfg = Release|Any CPU
		{0BB7AB57-8AD4-44FB-91FF-927794D44071}.Release|Any CPU.Build.0 = Release|Any CPU
		{F5AF1EFC-7F63-4F3F-970D-41F8CF703F00}.Debug|Any CPU.ActiveCfg = Debug|Any CPU
		{F5AF1EFC-7F63-4F3F-970D-41F8CF703F00}.Debug|Any CPU.Build.0 = Debug|Any CPU
		{F5AF1EFC-7F63-4F3F-970D-41F8CF703F00}.Release|Any CPU.ActiveCfg = Release|Any CPU
		{F5AF1EFC-7F63-4F3F-970D-41F8CF703F00}.Release|Any CPU.Build.0 = Release|Any CPU
		{30CD7416-B812-4F84-9CC7-13D541C5844E}.Debug|Any CPU.ActiveCfg = Debug|Any CPU
		{30CD7416-B812-4F84-9CC7-13D541C5844E}.Debug|Any CPU.Build.0 = Debug|Any CPU
		{30CD7416-B812-4F84-9CC7-13D541C5844E}.Release|Any CPU.ActiveCfg = Release|Any CPU
		{30CD7416-B812-4F84-9CC7-13D541C5844E}.Release|Any CPU.Build.0 = Release|Any CPU
	EndGlobalSection
	GlobalSection(SolutionProperties) = preSolution
		HideSolutionNode = FALSE
	EndGlobalSection
	GlobalSection(ExtensibilityGlobals) = postSolution
		SolutionGuid = {37B29ADB-60BF-4317-97B7-5E8F8FE50389}
	EndGlobalSection
EndGlobal
